{
  "name": "Burger-HTML",
  "lockfileVersion": 3,
  "requires": true,
  "packages": {
    "": {
      "dependencies": {
        "@boxicons/js": "^1.0.1"
      }
    },
    "node_modules/@boxicons/js": {
      "version": "1.0.1",
      "resolved": "https://registry.npmjs.org/@boxicons/js/-/js-1.0.1.tgz",
      "integrity": "sha512-DY4Z4uggmU+iKVcgQBvTK05AtbRweMa3mWLLoPnWhjH7DWPeCdI9It7rHNEi3RlI0YQqWu6WCfo5aC7oETIWng==",
      "license": "MIT"
    }
  }
}
